
Microsoft Visual Studio Solution File, Format Version 12.00
# Visual Studio Version 17
VisualStudioVersion = 17.5.33424.131
MinimumVisualStudioVersion = 10.0.40219.1
Project("{FAE04EC0-301F-11D3-BF4B-00C04F79EFBC}") = "AppMeow", "AppMeow\AppMeow.csproj", "{B105918A-5155-4936-B740-326E611F92FA}"
EndProject
Global
	GlobalSection(SolutionConfigurationPlatforms) = preSolution
		Debug|Any CPU = Debug|Any CPU
		Release|Any CPU = Release|Any CPU
	EndGlobalSection
	GlobalSection(ProjectConfigurationPlatforms) = postSolution
		{B105918A-5155-4936-B740-326E611F92FA}.Debug|Any CPU.ActiveCfg = Debug|Any CPU
		{B105918A-5155-4936-B740-326E611F92FA}.Debug|Any CPU.Build.0 = Debug|Any CPU
		{B105918A-5155-4936-B740-326E611F92FA}.Release|Any CPU.ActiveCfg = Release|Any CPU
		{B105918A-5155-4936-B740-326E611F92FA}.Release|Any CPU.Build.0 = Release|Any CPU
	EndGlobalSection
	GlobalSection(SolutionProperties) = preSolution
		HideSolutionNode = FALSE
	EndGlobalSection
	GlobalSection(ExtensibilityGlobals) = postSolution
		SolutionGuid = {89038717-6C6A-459B-BC78-9ACA3159F775}
	EndGlobalSection
EndGlobal
